
Microsoft Visual Studio Solution File, Format Version 12.00
# Visual Studio Version 16
Project("{8BC9CEB8-8B4A-11D0-8D11-00A0C91BC942}") = "ALL_BUILD", "ALL_BUILD.vcxproj", "{7B50F97C-26E1-3D93-90D9-EC8715AC322A}"
	ProjectSection(ProjectDependencies) = postProject
		{56AD3832-E8FD-3D59-948A-09C6DE264F42} = {56AD3832-E8FD-3D59-948A-09C6DE264F42}
		{E195EE85-BFF6-3272-BC32-EF40B827CE2C} = {E195EE85-BFF6-3272-BC32-EF40B827CE2C}
		{36B90727-1367-3598-A3C9-D7A86A386C6F} = {36B90727-1367-3598-A3C9-D7A86A386C6F}
		{7EE9DFFA-1A79-322B-98EC-D19D4F624C70} = {7EE9DFFA-1A79-322B-98EC-D19D4F624C70}
		{8A893B9A-3215-3DB5-A8F1-9E1FB6C837F1} = {8A893B9A-3215-3DB5-A8F1-9E1FB6C837F1}
		{F31112E6-ED3D-3480-9617-DFE9891B39E6} = {F31112E6-ED3D-3480-9617-DFE9891B39E6}
		{7F6A8199-1D9B-32CA-A2B6-A025AF0E1A3B} = {7F6A8199-1D9B-32CA-A2B6-A025AF0E1A3B}
		{E4454783-EC19-34DA-9EA1-BD0791B9816B} = {E4454783-EC19-34DA-9EA1-BD0791B9816B}
	EndProjectSection
EndProject
Project("{8BC9CEB8-8B4A-11D0-8D11-00A0C91BC942}") = "GeometryAlgorithms_lib", "src\GeometryAlgorithms_lib.vcxproj", "{56AD3832-E8FD-3D59-948A-09C6DE264F42}"
	ProjectSection(ProjectDependencies) = postProject
		{7EE9DFFA-1A79-322B-98EC-D19D4F624C70} = {7EE9DFFA-1A79-322B-98EC-D19D4F624C70}
	EndProjectSection
EndProject
Project("{8BC9CEB8-8B4A-11D0-8D11-00A0C91BC942}") = "GeometryAlgorithms_run", "src\GeometryAlgorithms_run.vcxproj", "{E195EE85-BFF6-3272-BC32-EF40B827CE2C}"
	ProjectSection(ProjectDependencies) = postProject
		{7EE9DFFA-1A79-322B-98EC-D19D4F624C70} = {7EE9DFFA-1A79-322B-98EC-D19D4F624C70}
	EndProjectSection
EndProject
Project("{8BC9CEB8-8B4A-11D0-8D11-00A0C91BC942}") = "GeometryAlgorithms_tst", "tst\GeometryAlgorithms_tst.vcxproj", "{36B90727-1367-3598-A3C9-D7A86A386C6F}"
	ProjectSection(ProjectDependencies) = postProject
		{56AD3832-E8FD-3D59-948A-09C6DE264F42} = {56AD3832-E8FD-3D59-948A-09C6DE264F42}
		{7EE9DFFA-1A79-322B-98EC-D19D4F624C70} = {7EE9DFFA-1A79-322B-98EC-D19D4F624C70}
		{7F6A8199-1D9B-32CA-A2B6-A025AF0E1A3B} = {7F6A8199-1D9B-32CA-A2B6-A025AF0E1A3B}
	EndProjectSection
EndProject
Project("{8BC9CEB8-8B4A-11D0-8D11-00A0C91BC942}") = "INSTALL", "INSTALL.vcxproj", "{510DD2B3-A2E2-30E1-8BCE-37DC077240BA}"
	ProjectSection(ProjectDependencies) = postProject
		{7B50F97C-26E1-3D93-90D9-EC8715AC322A} = {7B50F97C-26E1-3D93-90D9-EC8715AC322A}
		{7EE9DFFA-1A79-322B-98EC-D19D4F624C70} = {7EE9DFFA-1A79-322B-98EC-D19D4F624C70}
	EndProjectSection
EndProject
Project("{8BC9CEB8-8B4A-11D0-8D11-00A0C91BC942}") = "ZERO_CHECK", "ZERO_CHECK.vcxproj", "{7EE9DFFA-1A79-322B-98EC-D19D4F624C70}"
	ProjectSection(ProjectDependencies) = postProject
	EndProjectSection
EndProject
Project("{8BC9CEB8-8B4A-11D0-8D11-00A0C91BC942}") = "gmock", "lib\googletest\googlemock\gmock.vcxproj", "{8A893B9A-3215-3DB5-A8F1-9E1FB6C837F1}"
	ProjectSection(ProjectDependencies) = postProject
		{7EE9DFFA-1A79-322B-98EC-D19D4F624C70} = {7EE9DFFA-1A79-322B-98EC-D19D4F624C70}
	EndProjectSection
EndProject
Project("{8BC9CEB8-8B4A-11D0-8D11-00A0C91BC942}") = "gmock_main", "lib\googletest\googlemock\gmock_main.vcxproj", "{F31112E6-ED3D-3480-9617-DFE9891B39E6}"
	ProjectSection(ProjectDependencies) = postProject
		{7EE9DFFA-1A79-322B-98EC-D19D4F624C70} = {7EE9DFFA-1A79-322B-98EC-D19D4F624C70}
	EndProjectSection
EndProject
Project("{8BC9CEB8-8B4A-11D0-8D11-00A0C91BC942}") = "gtest", "lib\googletest\googletest\gtest.vcxproj", "{7F6A8199-1D9B-32CA-A2B6-A025AF0E1A3B}"
	ProjectSection(ProjectDependencies) = postProject
		{7EE9DFFA-1A79-322B-98EC-D19D4F624C70} = {7EE9DFFA-1A79-322B-98EC-D19D4F624C70}
	EndProjectSection
EndProject
Project("{8BC9CEB8-8B4A-11D0-8D11-00A0C91BC942}") = "gtest_main", "lib\googletest\googletest\gtest_main.vcxproj", "{E4454783-EC19-34DA-9EA1-BD0791B9816B}"
	ProjectSection(ProjectDependencies) = postProject
		{7EE9DFFA-1A79-322B-98EC-D19D4F624C70} = {7EE9DFFA-1A79-322B-98EC-D19D4F624C70}
		{7F6A8199-1D9B-32CA-A2B6-A025AF0E1A3B} = {7F6A8199-1D9B-32CA-A2B6-A025AF0E1A3B}
	EndProjectSection
EndProject
Global
	GlobalSection(SolutionConfigurationPlatforms) = preSolution
		Debug|x64 = Debug|x64
		Release|x64 = Release|x64
		MinSizeRel|x64 = MinSizeRel|x64
		RelWithDebInfo|x64 = RelWithDebInfo|x64
	EndGlobalSection
	GlobalSection(ProjectConfigurationPlatforms) = postSolution
		{7B50F97C-26E1-3D93-90D9-EC8715AC322A}.Debug|x64.ActiveCfg = Debug|x64
		{7B50F97C-26E1-3D93-90D9-EC8715AC322A}.Debug|x64.Build.0 = Debug|x64
		{7B50F97C-26E1-3D93-90D9-EC8715AC322A}.Release|x64.ActiveCfg = Release|x64
		{7B50F97C-26E1-3D93-90D9-EC8715AC322A}.Release|x64.Build.0 = Release|x64
		{7B50F97C-26E1-3D93-90D9-EC8715AC322A}.MinSizeRel|x64.ActiveCfg = MinSizeRel|x64
		{7B50F97C-26E1-3D93-90D9-EC8715AC322A}.MinSizeRel|x64.Build.0 = MinSizeRel|x64
		{7B50F97C-26E1-3D93-90D9-EC8715AC322A}.RelWithDebInfo|x64.ActiveCfg = RelWithDebInfo|x64
		{7B50F97C-26E1-3D93-90D9-EC8715AC322A}.RelWithDebInfo|x64.Build.0 = RelWithDebInfo|x64
		{56AD3832-E8FD-3D59-948A-09C6DE264F42}.Debug|x64.ActiveCfg = Debug|x64
		{56AD3832-E8FD-3D59-948A-09C6DE264F42}.Debug|x64.Build.0 = Debug|x64
		{56AD3832-E8FD-3D59-948A-09C6DE264F42}.Release|x64.ActiveCfg = Release|x64
		{56AD3832-E8FD-3D59-948A-09C6DE264F42}.Release|x64.Build.0 = Release|x64
		{56AD3832-E8FD-3D59-948A-09C6DE264F42}.MinSizeRel|x64.ActiveCfg = MinSizeRel|x64
		{56AD3832-E8FD-3D59-948A-09C6DE264F42}.MinSizeRel|x64.Build.0 = MinSizeRel|x64
		{56AD3832-E8FD-3D59-948A-09C6DE264F42}.RelWithDebInfo|x64.ActiveCfg = RelWithDebInfo|x64
		{56AD3832-E8FD-3D59-948A-09C6DE264F42}.RelWithDebInfo|x64.Build.0 = RelWithDebInfo|x64
		{E195EE85-BFF6-3272-BC32-EF40B827CE2C}.Debug|x64.ActiveCfg = Debug|x64
		{E195EE85-BFF6-3272-BC32-EF40B827CE2C}.Debug|x64.Build.0 = Debug|x64
		{E195EE85-BFF6-3272-BC32-EF40B827CE2C}.Release|x64.ActiveCfg = Release|x64
		{E195EE85-BFF6-3272-BC32-EF40B827CE2C}.Release|x64.Build.0 = Release|x64
		{E195EE85-BFF6-3272-BC32-EF40B827CE2C}.MinSizeRel|x64.ActiveCfg = MinSizeRel|x64
		{E195EE85-BFF6-3272-BC32-EF40B827CE2C}.MinSizeRel|x64.Build.0 = MinSizeRel|x64
		{E195EE85-BFF6-3272-BC32-EF40B827CE2C}.RelWithDebInfo|x64.ActiveCfg = RelWithDebInfo|x64
		{E195EE85-BFF6-3272-BC32-EF40B827CE2C}.RelWithDebInfo|x64.Build.0 = RelWithDebInfo|x64
		{36B90727-1367-3598-A3C9-D7A86A386C6F}.Debug|x64.ActiveCfg = Debug|x64
		{36B90727-1367-3598-A3C9-D7A86A386C6F}.Debug|x64.Build.0 = Debug|x64
		{36B90727-1367-3598-A3C9-D7A86A386C6F}.Release|x64.ActiveCfg = Release|x64
		{36B90727-1367-3598-A3C9-D7A86A386C6F}.Release|x64.Build.0 = Release|x64
		{36B90727-1367-3598-A3C9-D7A86A386C6F}.MinSizeRel|x64.ActiveCfg = MinSizeRel|x64
		{36B90727-1367-3598-A3C9-D7A86A386C6F}.MinSizeRel|x64.Build.0 = MinSizeRel|x64
		{36B90727-1367-3598-A3C9-D7A86A386C6F}.RelWithDebInfo|x64.ActiveCfg = RelWithDebInfo|x64
		{36B90727-1367-3598-A3C9-D7A86A386C6F}.RelWithDebInfo|x64.Build.0 = RelWithDebInfo|x64
		{510DD2B3-A2E2-30E1-8BCE-37DC077240BA}.Debug|x64.ActiveCfg = Debug|x64
		{510DD2B3-A2E2-30E1-8BCE-37DC077240BA}.Release|x64.ActiveCfg = Release|x64
		{510DD2B3-A2E2-30E1-8BCE-37DC077240BA}.MinSizeRel|x64.ActiveCfg = MinSizeRel|x64
		{510DD2B3-A2E2-30E1-8BCE-37DC077240BA}.RelWithDebInfo|x64.ActiveCfg = RelWithDebInfo|x64
		{7EE9DFFA-1A79-322B-98EC-D19D4F624C70}.Debug|x64.ActiveCfg = Debug|x64
		{7EE9DFFA-1A79-322B-98EC-D19D4F624C70}.Debug|x64.Build.0 = Debug|x64
		{7EE9DFFA-1A79-322B-98EC-D19D4F624C70}.Release|x64.ActiveCfg = Release|x64
		{7EE9DFFA-1A79-322B-98EC-D19D4F624C70}.Release|x64.Build.0 = Release|x64
		{7EE9DFFA-1A79-322B-98EC-D19D4F624C70}.MinSizeRel|x64.ActiveCfg = MinSizeRel|x64
		{7EE9DFFA-1A79-322B-98EC-D19D4F624C70}.MinSizeRel|x64.Build.0 = MinSizeRel|x64
		{7EE9DFFA-1A79-322B-98EC-D19D4F624C70}.RelWithDebInfo|x64.ActiveCfg = RelWithDebInfo|x64
		{7EE9DFFA-1A79-322B-98EC-D19D4F624C70}.RelWithDebInfo|x64.Build.0 = RelWithDebInfo|x64
		{8A893B9A-3215-3DB5-A8F1-9E1FB6C837F1}.Debug|x64.ActiveCfg = Debug|x64
		{8A893B9A-3215-3DB5-A8F1-9E1FB6C837F1}.Debug|x64.Build.0 = Debug|x64
		{8A893B9A-3215-3DB5-A8F1-9E1FB6C837F1}.Release|x64.ActiveCfg = Release|x64
		{8A893B9A-3215-3DB5-A8F1-9E1FB6C837F1}.Release|x64.Build.0 = Release|x64
		{8A893B9A-3215-3DB5-A8F1-9E1FB6C837F1}.MinSizeRel|x64.ActiveCfg = MinSizeRel|x64
		{8A893B9A-3215-3DB5-A8F1-9E1FB6C837F1}.MinSizeRel|x64.Build.0 = MinSizeRel|x64
		{8A893B9A-3215-3DB5-A8F1-9E1FB6C837F1}.RelWithDebInfo|x64.ActiveCfg = RelWithDebInfo|x64
		{8A893B9A-3215-3DB5-A8F1-9E1FB6C837F1}.RelWithDebInfo|x64.Build.0 = RelWithDebInfo|x64
		{F31112E6-ED3D-3480-9617-DFE9891B39E6}.Debug|x64.ActiveCfg = Debug|x64
		{F31112E6-ED3D-3480-9617-DFE9891B39E6}.Debug|x64.Build.0 = Debug|x64
		{F31112E6-ED3D-3480-9617-DFE9891B39E6}.Release|x64.ActiveCfg = Release|x64
		{F31112E6-ED3D-3480-9617-DFE9891B39E6}.Release|x64.Build.0 = Release|x64
		{F31112E6-ED3D-3480-9617-DFE9891B39E6}.MinSizeRel|x64.ActiveCfg = MinSizeRel|x64
		{F31112E6-ED3D-3480-9617-DFE9891B39E6}.MinSizeRel|x64.Build.0 = MinSizeRel|x64
		{F31112E6-ED3D-3480-9617-DFE9891B39E6}.RelWithDebInfo|x64.ActiveCfg = RelWithDebInfo|x64
		{F31112E6-ED3D-3480-9617-DFE9891B39E6}.RelWithDebInfo|x64.Build.0 = RelWithDebInfo|x64
		{7F6A8199-1D9B-32CA-A2B6-A025AF0E1A3B}.Debug|x64.ActiveCfg = Debug|x64
		{7F6A8199-1D9B-32CA-A2B6-A025AF0E1A3B}.Debug|x64.Build.0 = Debug|x64
		{7F6A8199-1D9B-32CA-A2B6-A025AF0E1A3B}.Release|x64.ActiveCfg = Release|x64
		{7F6A8199-1D9B-32CA-A2B6-A025AF0E1A3B}.Release|x64.Build.0 = Release|x64
		{7F6A8199-1D9B-32CA-A2B6-A025AF0E1A3B}.MinSizeRel|x64.ActiveCfg = MinSizeRel|x64
		{7F6A8199-1D9B-32CA-A2B6-A025AF0E1A3B}.MinSizeRel|x64.Build.0 = MinSizeRel|x64
		{7F6A8199-1D9B-32CA-A2B6-A025AF0E1A3B}.RelWithDebInfo|x64.ActiveCfg = RelWithDebInfo|x64
		{7F6A8199-1D9B-32CA-A2B6-A025AF0E1A3B}.RelWithDebInfo|x64.Build.0 = RelWithDebInfo|x64
		{E4454783-EC19-34DA-9EA1-BD0791B9816B}.Debug|x64.ActiveCfg = Debug|x64
		{E4454783-EC19-34DA-9EA1-BD0791B9816B}.Debug|x64.Build.0 = Debug|x64
		{E4454783-EC19-34DA-9EA1-BD0791B9816B}.Release|x64.ActiveCfg = Release|x64
		{E4454783-EC19-34DA-9EA1-BD0791B9816B}.Release|x64.Build.0 = Release|x64
		{E4454783-EC19-34DA-9EA1-BD0791B9816B}.MinSizeRel|x64.ActiveCfg = MinSizeRel|x64
		{E4454783-EC19-34DA-9EA1-BD0791B9816B}.MinSizeRel|x64.Build.0 = MinSizeRel|x64
		{E4454783-EC19-34DA-9EA1-BD0791B9816B}.RelWithDebInfo|x64.ActiveCfg = RelWithDebInfo|x64
		{E4454783-EC19-34DA-9EA1-BD0791B9816B}.RelWithDebInfo|x64.Build.0 = RelWithDebInfo|x64
	EndGlobalSection
	GlobalSection(ExtensibilityGlobals) = postSolution
		SolutionGuid = {E531EC58-7091-3314-B275-30AA69618E82}
	EndGlobalSection
	GlobalSection(ExtensibilityAddIns) = postSolution
	EndGlobalSection
EndGlobal
