
Microsoft Visual Studio Solution File, Format Version 12.00
# Visual Studio Version 16
Project("{8BC9CEB8-8B4A-11D0-8D11-00A0C91BC942}") = "ALL_BUILD", "ALL_BUILD.vcxproj", "{62CA797D-191C-39DD-8B00-5EBEFFC0DAE7}"
	ProjectSection(ProjectDependencies) = postProject
		{026C981D-A2B4-3A87-B67A-4006CEF92396} = {026C981D-A2B4-3A87-B67A-4006CEF92396}
		{E47EF3D8-270A-343C-BF8D-0F1D351F91A7} = {E47EF3D8-270A-343C-BF8D-0F1D351F91A7}
		{29B5ABB4-8FE2-39F1-B705-2E99DA873E37} = {29B5ABB4-8FE2-39F1-B705-2E99DA873E37}
		{87B04E3F-23A2-3B91-82C5-C5099F2E5348} = {87B04E3F-23A2-3B91-82C5-C5099F2E5348}
		{54BFE76F-B8C4-3401-9E78-88278EC71AB3} = {54BFE76F-B8C4-3401-9E78-88278EC71AB3}
		{ED4986C0-55C9-3B3E-88D5-516B7DBDD08E} = {ED4986C0-55C9-3B3E-88D5-516B7DBDD08E}
		{D2FA5D10-E067-3F25-8922-130A4B2EB6EF} = {D2FA5D10-E067-3F25-8922-130A4B2EB6EF}
		{70C9D096-1D8B-37F0-B1D9-7E176BB6D408} = {70C9D096-1D8B-37F0-B1D9-7E176BB6D408}
	EndProjectSection
EndProject
Project("{8BC9CEB8-8B4A-11D0-8D11-00A0C91BC942}") = "GeometryAlgorithms_lib", "src\GeometryAlgorithms_lib.vcxproj", "{026C981D-A2B4-3A87-B67A-4006CEF92396}"
	ProjectSection(ProjectDependencies) = postProject
		{87B04E3F-23A2-3B91-82C5-C5099F2E5348} = {87B04E3F-23A2-3B91-82C5-C5099F2E5348}
	EndProjectSection
EndProject
Project("{8BC9CEB8-8B4A-11D0-8D11-00A0C91BC942}") = "GeometryAlgorithms_run", "src\GeometryAlgorithms_run.vcxproj", "{E47EF3D8-270A-343C-BF8D-0F1D351F91A7}"
	ProjectSection(ProjectDependencies) = postProject
		{87B04E3F-23A2-3B91-82C5-C5099F2E5348} = {87B04E3F-23A2-3B91-82C5-C5099F2E5348}
	EndProjectSection
EndProject
Project("{8BC9CEB8-8B4A-11D0-8D11-00A0C91BC942}") = "GeometryAlgorithms_tst", "tst\GeometryAlgorithms_tst.vcxproj", "{29B5ABB4-8FE2-39F1-B705-2E99DA873E37}"
	ProjectSection(ProjectDependencies) = postProject
		{026C981D-A2B4-3A87-B67A-4006CEF92396} = {026C981D-A2B4-3A87-B67A-4006CEF92396}
		{87B04E3F-23A2-3B91-82C5-C5099F2E5348} = {87B04E3F-23A2-3B91-82C5-C5099F2E5348}
		{D2FA5D10-E067-3F25-8922-130A4B2EB6EF} = {D2FA5D10-E067-3F25-8922-130A4B2EB6EF}
	EndProjectSection
EndProject
Project("{8BC9CEB8-8B4A-11D0-8D11-00A0C91BC942}") = "INSTALL", "INSTALL.vcxproj", "{DFE8789E-F56D-3030-957E-91CD38073702}"
	ProjectSection(ProjectDependencies) = postProject
		{62CA797D-191C-39DD-8B00-5EBEFFC0DAE7} = {62CA797D-191C-39DD-8B00-5EBEFFC0DAE7}
		{87B04E3F-23A2-3B91-82C5-C5099F2E5348} = {87B04E3F-23A2-3B91-82C5-C5099F2E5348}
	EndProjectSection
EndProject
Project("{8BC9CEB8-8B4A-11D0-8D11-00A0C91BC942}") = "ZERO_CHECK", "ZERO_CHECK.vcxproj", "{87B04E3F-23A2-3B91-82C5-C5099F2E5348}"
	ProjectSection(ProjectDependencies) = postProject
	EndProjectSection
EndProject
Project("{8BC9CEB8-8B4A-11D0-8D11-00A0C91BC942}") = "gmock", "lib\googletest\googlemock\gmock.vcxproj", "{54BFE76F-B8C4-3401-9E78-88278EC71AB3}"
	ProjectSection(ProjectDependencies) = postProject
		{87B04E3F-23A2-3B91-82C5-C5099F2E5348} = {87B04E3F-23A2-3B91-82C5-C5099F2E5348}
	EndProjectSection
EndProject
Project("{8BC9CEB8-8B4A-11D0-8D11-00A0C91BC942}") = "gmock_main", "lib\googletest\googlemock\gmock_main.vcxproj", "{ED4986C0-55C9-3B3E-88D5-516B7DBDD08E}"
	ProjectSection(ProjectDependencies) = postProject
		{87B04E3F-23A2-3B91-82C5-C5099F2E5348} = {87B04E3F-23A2-3B91-82C5-C5099F2E5348}
	EndProjectSection
EndProject
Project("{8BC9CEB8-8B4A-11D0-8D11-00A0C91BC942}") = "gtest", "lib\googletest\googletest\gtest.vcxproj", "{D2FA5D10-E067-3F25-8922-130A4B2EB6EF}"
	ProjectSection(ProjectDependencies) = postProject
		{87B04E3F-23A2-3B91-82C5-C5099F2E5348} = {87B04E3F-23A2-3B91-82C5-C5099F2E5348}
	EndProjectSection
EndProject
Project("{8BC9CEB8-8B4A-11D0-8D11-00A0C91BC942}") = "gtest_main", "lib\googletest\googletest\gtest_main.vcxproj", "{70C9D096-1D8B-37F0-B1D9-7E176BB6D408}"
	ProjectSection(ProjectDependencies) = postProject
		{87B04E3F-23A2-3B91-82C5-C5099F2E5348} = {87B04E3F-23A2-3B91-82C5-C5099F2E5348}
		{D2FA5D10-E067-3F25-8922-130A4B2EB6EF} = {D2FA5D10-E067-3F25-8922-130A4B2EB6EF}
	EndProjectSection
EndProject
Global
	GlobalSection(SolutionConfigurationPlatforms) = preSolution
		Debug|x64 = Debug|x64
		Release|x64 = Release|x64
		MinSizeRel|x64 = MinSizeRel|x64
		RelWithDebInfo|x64 = RelWithDebInfo|x64
	EndGlobalSection
	GlobalSection(ProjectConfigurationPlatforms) = postSolution
		{62CA797D-191C-39DD-8B00-5EBEFFC0DAE7}.Debug|x64.ActiveCfg = Debug|x64
		{62CA797D-191C-39DD-8B00-5EBEFFC0DAE7}.Debug|x64.Build.0 = Debug|x64
		{62CA797D-191C-39DD-8B00-5EBEFFC0DAE7}.Release|x64.ActiveCfg = Release|x64
		{62CA797D-191C-39DD-8B00-5EBEFFC0DAE7}.Release|x64.Build.0 = Release|x64
		{62CA797D-191C-39DD-8B00-5EBEFFC0DAE7}.MinSizeRel|x64.ActiveCfg = MinSizeRel|x64
		{62CA797D-191C-39DD-8B00-5EBEFFC0DAE7}.MinSizeRel|x64.Build.0 = MinSizeRel|x64
		{62CA797D-191C-39DD-8B00-5EBEFFC0DAE7}.RelWithDebInfo|x64.ActiveCfg = RelWithDebInfo|x64
		{62CA797D-191C-39DD-8B00-5EBEFFC0DAE7}.RelWithDebInfo|x64.Build.0 = RelWithDebInfo|x64
		{026C981D-A2B4-3A87-B67A-4006CEF92396}.Debug|x64.ActiveCfg = Debug|x64
		{026C981D-A2B4-3A87-B67A-4006CEF92396}.Debug|x64.Build.0 = Debug|x64
		{026C981D-A2B4-3A87-B67A-4006CEF92396}.Release|x64.ActiveCfg = Release|x64
		{026C981D-A2B4-3A87-B67A-4006CEF92396}.Release|x64.Build.0 = Release|x64
		{026C981D-A2B4-3A87-B67A-4006CEF92396}.MinSizeRel|x64.ActiveCfg = MinSizeRel|x64
		{026C981D-A2B4-3A87-B67A-4006CEF92396}.MinSizeRel|x64.Build.0 = MinSizeRel|x64
		{026C981D-A2B4-3A87-B67A-4006CEF92396}.RelWithDebInfo|x64.ActiveCfg = RelWithDebInfo|x64
		{026C981D-A2B4-3A87-B67A-4006CEF92396}.RelWithDebInfo|x64.Build.0 = RelWithDebInfo|x64
		{E47EF3D8-270A-343C-BF8D-0F1D351F91A7}.Debug|x64.ActiveCfg = Debug|x64
		{E47EF3D8-270A-343C-BF8D-0F1D351F91A7}.Debug|x64.Build.0 = Debug|x64
		{E47EF3D8-270A-343C-BF8D-0F1D351F91A7}.Release|x64.ActiveCfg = Release|x64
		{E47EF3D8-270A-343C-BF8D-0F1D351F91A7}.Release|x64.Build.0 = Release|x64
		{E47EF3D8-270A-343C-BF8D-0F1D351F91A7}.MinSizeRel|x64.ActiveCfg = MinSizeRel|x64
		{E47EF3D8-270A-343C-BF8D-0F1D351F91A7}.MinSizeRel|x64.Build.0 = MinSizeRel|x64
		{E47EF3D8-270A-343C-BF8D-0F1D351F91A7}.RelWithDebInfo|x64.ActiveCfg = RelWithDebInfo|x64
		{E47EF3D8-270A-343C-BF8D-0F1D351F91A7}.RelWithDebInfo|x64.Build.0 = RelWithDebInfo|x64
		{29B5ABB4-8FE2-39F1-B705-2E99DA873E37}.Debug|x64.ActiveCfg = Debug|x64
		{29B5ABB4-8FE2-39F1-B705-2E99DA873E37}.Debug|x64.Build.0 = Debug|x64
		{29B5ABB4-8FE2-39F1-B705-2E99DA873E37}.Release|x64.ActiveCfg = Release|x64
		{29B5ABB4-8FE2-39F1-B705-2E99DA873E37}.Release|x64.Build.0 = Release|x64
		{29B5ABB4-8FE2-39F1-B705-2E99DA873E37}.MinSizeRel|x64.ActiveCfg = MinSizeRel|x64
		{29B5ABB4-8FE2-39F1-B705-2E99DA873E37}.MinSizeRel|x64.Build.0 = MinSizeRel|x64
		{29B5ABB4-8FE2-39F1-B705-2E99DA873E37}.RelWithDebInfo|x64.ActiveCfg = RelWithDebInfo|x64
		{29B5ABB4-8FE2-39F1-B705-2E99DA873E37}.RelWithDebInfo|x64.Build.0 = RelWithDebInfo|x64
		{DFE8789E-F56D-3030-957E-91CD38073702}.Debug|x64.ActiveCfg = Debug|x64
		{DFE8789E-F56D-3030-957E-91CD38073702}.Release|x64.ActiveCfg = Release|x64
		{DFE8789E-F56D-3030-957E-91CD38073702}.MinSizeRel|x64.ActiveCfg = MinSizeRel|x64
		{DFE8789E-F56D-3030-957E-91CD38073702}.RelWithDebInfo|x64.ActiveCfg = RelWithDebInfo|x64
		{87B04E3F-23A2-3B91-82C5-C5099F2E5348}.Debug|x64.ActiveCfg = Debug|x64
		{87B04E3F-23A2-3B91-82C5-C5099F2E5348}.Debug|x64.Build.0 = Debug|x64
		{87B04E3F-23A2-3B91-82C5-C5099F2E5348}.Release|x64.ActiveCfg = Release|x64
		{87B04E3F-23A2-3B91-82C5-C5099F2E5348}.Release|x64.Build.0 = Release|x64
		{87B04E3F-23A2-3B91-82C5-C5099F2E5348}.MinSizeRel|x64.ActiveCfg = MinSizeRel|x64
		{87B04E3F-23A2-3B91-82C5-C5099F2E5348}.MinSizeRel|x64.Build.0 = MinSizeRel|x64
		{87B04E3F-23A2-3B91-82C5-C5099F2E5348}.RelWithDebInfo|x64.ActiveCfg = RelWithDebInfo|x64
		{87B04E3F-23A2-3B91-82C5-C5099F2E5348}.RelWithDebInfo|x64.Build.0 = RelWithDebInfo|x64
		{54BFE76F-B8C4-3401-9E78-88278EC71AB3}.Debug|x64.ActiveCfg = Debug|x64
		{54BFE76F-B8C4-3401-9E78-88278EC71AB3}.Debug|x64.Build.0 = Debug|x64
		{54BFE76F-B8C4-3401-9E78-88278EC71AB3}.Release|x64.ActiveCfg = Release|x64
		{54BFE76F-B8C4-3401-9E78-88278EC71AB3}.Release|x64.Build.0 = Release|x64
		{54BFE76F-B8C4-3401-9E78-88278EC71AB3}.MinSizeRel|x64.ActiveCfg = MinSizeRel|x64
		{54BFE76F-B8C4-3401-9E78-88278EC71AB3}.MinSizeRel|x64.Build.0 = MinSizeRel|x64
		{54BFE76F-B8C4-3401-9E78-88278EC71AB3}.RelWithDebInfo|x64.ActiveCfg = RelWithDebInfo|x64
		{54BFE76F-B8C4-3401-9E78-88278EC71AB3}.RelWithDebInfo|x64.Build.0 = RelWithDebInfo|x64
		{ED4986C0-55C9-3B3E-88D5-516B7DBDD08E}.Debug|x64.ActiveCfg = Debug|x64
		{ED4986C0-55C9-3B3E-88D5-516B7DBDD08E}.Debug|x64.Build.0 = Debug|x64
		{ED4986C0-55C9-3B3E-88D5-516B7DBDD08E}.Release|x64.ActiveCfg = Release|x64
		{ED4986C0-55C9-3B3E-88D5-516B7DBDD08E}.Release|x64.Build.0 = Release|x64
		{ED4986C0-55C9-3B3E-88D5-516B7DBDD08E}.MinSizeRel|x64.ActiveCfg = MinSizeRel|x64
		{ED4986C0-55C9-3B3E-88D5-516B7DBDD08E}.MinSizeRel|x64.Build.0 = MinSizeRel|x64
		{ED4986C0-55C9-3B3E-88D5-516B7DBDD08E}.RelWithDebInfo|x64.ActiveCfg = RelWithDebInfo|x64
		{ED4986C0-55C9-3B3E-88D5-516B7DBDD08E}.RelWithDebInfo|x64.Build.0 = RelWithDebInfo|x64
		{D2FA5D10-E067-3F25-8922-130A4B2EB6EF}.Debug|x64.ActiveCfg = Debug|x64
		{D2FA5D10-E067-3F25-8922-130A4B2EB6EF}.Debug|x64.Build.0 = Debug|x64
		{D2FA5D10-E067-3F25-8922-130A4B2EB6EF}.Release|x64.ActiveCfg = Release|x64
		{D2FA5D10-E067-3F25-8922-130A4B2EB6EF}.Release|x64.Build.0 = Release|x64
		{D2FA5D10-E067-3F25-8922-130A4B2EB6EF}.MinSizeRel|x64.ActiveCfg = MinSizeRel|x64
		{D2FA5D10-E067-3F25-8922-130A4B2EB6EF}.MinSizeRel|x64.Build.0 = MinSizeRel|x64
		{D2FA5D10-E067-3F25-8922-130A4B2EB6EF}.RelWithDebInfo|x64.ActiveCfg = RelWithDebInfo|x64
		{D2FA5D10-E067-3F25-8922-130A4B2EB6EF}.RelWithDebInfo|x64.Build.0 = RelWithDebInfo|x64
		{70C9D096-1D8B-37F0-B1D9-7E176BB6D408}.Debug|x64.ActiveCfg = Debug|x64
		{70C9D096-1D8B-37F0-B1D9-7E176BB6D408}.Debug|x64.Build.0 = Debug|x64
		{70C9D096-1D8B-37F0-B1D9-7E176BB6D408}.Release|x64.ActiveCfg = Release|x64
		{70C9D096-1D8B-37F0-B1D9-7E176BB6D408}.Release|x64.Build.0 = Release|x64
		{70C9D096-1D8B-37F0-B1D9-7E176BB6D408}.MinSizeRel|x64.ActiveCfg = MinSizeRel|x64
		{70C9D096-1D8B-37F0-B1D9-7E176BB6D408}.MinSizeRel|x64.Build.0 = MinSizeRel|x64
		{70C9D096-1D8B-37F0-B1D9-7E176BB6D408}.RelWithDebInfo|x64.ActiveCfg = RelWithDebInfo|x64
		{70C9D096-1D8B-37F0-B1D9-7E176BB6D408}.RelWithDebInfo|x64.Build.0 = RelWithDebInfo|x64
	EndGlobalSection
	GlobalSection(ExtensibilityGlobals) = postSolution
		SolutionGuid = {D6729490-699B-3D67-AC9D-24FEBBF00014}
	EndGlobalSection
	GlobalSection(ExtensibilityAddIns) = postSolution
	EndGlobalSection
EndGlobal
